{
  "version": 4,
  "terraform_version": "0.12.20",
  "serial": 569,
  "lineage": "b7d11163-3b98-8e13-010a-dfa53e759339",
  "outputs": {
    "jenkins_ip_addr": {
      "value": "54.246.197.232",
      "type": "string"
    }
  },
  "resources": [
    {
      "mode": "data",
      "type": "aws_ami",
      "name": "ubuntu",
      "provider": "provider.aws",
      "instances": [
        {
          "schema_version": 0,
          "attributes": {
            "architecture": "x86_64",
            "block_device_mappings": [
              {
                "device_name": "/dev/sda1",
                "ebs": {
                  "delete_on_termination": "true",
                  "encrypted": "false",
                  "iops": "0",
                  "snapshot_id": "snap-0fecc44ecbd415bfe",
                  "volume_size": "8",
                  "volume_type": "gp2"
                },
                "no_device": "",
                "virtual_name": ""
              },
              {
                "device_name": "/dev/sdb",
                "ebs": {},
                "no_device": "",
                "virtual_name": "ephemeral0"
              },
              {
                "device_name": "/dev/sdc",
                "ebs": {},
                "no_device": "",
                "virtual_name": "ephemeral1"
              }
            ],
            "creation_date": "2020-02-04T18:52:17.000Z",
            "description": "Canonical, Ubuntu, 18.04 LTS, amd64 bionic image build on 2020-01-31",
            "executable_users": null,
            "filter": [
              {
                "name": "name",
                "values": [
                  "ubuntu/images/hvm-ssd/ubuntu-bionic-18.04-amd64-server-*"
                ]
              },
              {
                "name": "virtualization-type",
                "values": [
                  "hvm"
                ]
              }
            ],
            "hypervisor": "xen",
            "id": "ami-07042e91d04b1c30d",
            "image_id": "ami-07042e91d04b1c30d",
            "image_location": "099720109477/ubuntu/images/hvm-ssd/ubuntu-bionic-18.04-amd64-server-20200131",
            "image_owner_alias": null,
            "image_type": "machine",
            "kernel_id": null,
            "most_recent": true,
            "name": "ubuntu/images/hvm-ssd/ubuntu-bionic-18.04-amd64-server-20200131",
            "name_regex": null,
            "owner_id": "099720109477",
            "owners": [
              "099720109477"
            ],
            "platform": null,
            "product_codes": [],
            "public": true,
            "ramdisk_id": null,
            "root_device_name": "/dev/sda1",
            "root_device_type": "ebs",
            "root_snapshot_id": "snap-0fecc44ecbd415bfe",
            "sriov_net_support": "simple",
            "state": "available",
            "state_reason": {
              "code": "UNSET",
              "message": "UNSET"
            },
            "tags": {},
            "virtualization_type": "hvm"
          }
        }
      ]
    },
    {
      "mode": "data",
      "type": "aws_iam_policy_document",
      "name": "testPracticalTask-assume",
      "provider": "provider.aws",
      "instances": [
        {
          "schema_version": 0,
          "attributes": {
            "id": "1903849331",
            "json": "{\n  \"Version\": \"2012-10-17\",\n  \"Statement\": [\n    {\n      \"Sid\": \"\",\n      \"Effect\": \"Allow\",\n      \"Action\": \"sts:AssumeRole\",\n      \"Principal\": {\n        \"Service\": \"ec2.amazonaws.com\"\n      }\n    }\n  ]\n}",
            "override_json": null,
            "policy_id": null,
            "source_json": null,
            "statement": [
              {
                "actions": [
                  "sts:AssumeRole"
                ],
                "condition": [],
                "effect": "Allow",
                "not_actions": [],
                "not_principals": [],
                "not_resources": [],
                "principals": [
                  {
                    "identifiers": [
                      "ec2.amazonaws.com"
                    ],
                    "type": "Service"
                  }
                ],
                "resources": [],
                "sid": ""
              }
            ],
            "version": "2012-10-17"
          }
        }
      ]
    },
    {
      "mode": "data",
      "type": "aws_iam_policy_document",
      "name": "testPracticalTask-policy",
      "provider": "provider.aws",
      "instances": [
        {
          "schema_version": 0,
          "attributes": {
            "id": "3038743160",
            "json": "{\n  \"Version\": \"2012-10-17\",\n  \"Statement\": [\n    {\n      \"Sid\": \"\",\n      \"Effect\": \"Allow\",\n      \"Action\": [\n        \"ssm:List*\",\n        \"ssm:Get*\",\n        \"ssm:Describe*\"\n      ],\n      \"Resource\": \"*\"\n    },\n    {\n      \"Sid\": \"\",\n      \"Effect\": \"Allow\",\n      \"Action\": [\n        \"sns:*\",\n        \"ses:*\"\n      ],\n      \"Resource\": \"*\"\n    }\n  ]\n}",
            "override_json": null,
            "policy_id": null,
            "source_json": null,
            "statement": [
              {
                "actions": [
                  "ssm:Describe*",
                  "ssm:Get*",
                  "ssm:List*"
                ],
                "condition": [],
                "effect": "Allow",
                "not_actions": [],
                "not_principals": [],
                "not_resources": [],
                "principals": [],
                "resources": [
                  "*"
                ],
                "sid": ""
              },
              {
                "actions": [
                  "ses:*",
                  "sns:*"
                ],
                "condition": [],
                "effect": "Allow",
                "not_actions": [],
                "not_principals": [],
                "not_resources": [],
                "principals": [],
                "resources": [
                  "*"
                ],
                "sid": ""
              }
            ],
            "version": "2012-10-17"
          }
        }
      ]
    },
    {
      "mode": "data",
      "type": "aws_iam_policy_document",
      "name": "testPracticalTask_jenkins_assume",
      "provider": "provider.aws",
      "instances": [
        {
          "schema_version": 0,
          "attributes": {
            "id": "1903849331",
            "json": "{\n  \"Version\": \"2012-10-17\",\n  \"Statement\": [\n    {\n      \"Sid\": \"\",\n      \"Effect\": \"Allow\",\n      \"Action\": \"sts:AssumeRole\",\n      \"Principal\": {\n        \"Service\": \"ec2.amazonaws.com\"\n      }\n    }\n  ]\n}",
            "override_json": null,
            "policy_id": null,
            "source_json": null,
            "statement": [
              {
                "actions": [
                  "sts:AssumeRole"
                ],
                "condition": [],
                "effect": "Allow",
                "not_actions": [],
                "not_principals": [],
                "not_resources": [],
                "principals": [
                  {
                    "identifiers": [
                      "ec2.amazonaws.com"
                    ],
                    "type": "Service"
                  }
                ],
                "resources": [],
                "sid": ""
              }
            ],
            "version": "2012-10-17"
          }
        }
      ]
    },
    {
      "mode": "data",
      "type": "aws_iam_policy_document",
      "name": "testPracticalTask_jenkins_policy",
      "provider": "provider.aws",
      "instances": [
        {
          "schema_version": 0,
          "attributes": {
            "id": "2575753176",
            "json": "{\n  \"Version\": \"2012-10-17\",\n  \"Statement\": [\n    {\n      \"Sid\": \"\",\n      \"Effect\": \"Allow\",\n      \"Action\": [\n        \"ec2:TerminateInstances\",\n        \"ec2:StopInstances\",\n        \"ec2:RunInstances\",\n        \"ec2:RegisterImage\",\n        \"ec2:ModifySnapshotAttribute\",\n        \"ec2:ModifyInstanceAttribute\",\n        \"ec2:ModifyImageAttribute\",\n        \"ec2:GetPasswordData\",\n        \"ec2:DetachVolume\",\n        \"ec2:DescribeVolumes\",\n        \"ec2:DescribeTags\",\n        \"ec2:DescribeSubnets\",\n        \"ec2:DescribeSnapshots\",\n        \"ec2:DescribeSecurityGroups\",\n        \"ec2:DescribeRegions\",\n        \"ec2:DescribeInstances\",\n        \"ec2:DescribeInstanceStatus\",\n        \"ec2:DescribeImages\",\n        \"ec2:DescribeImageAttribute\",\n        \"ec2:DeregisterImage\",\n        \"ec2:DeleteVolume\",\n        \"ec2:DeleteSnapshot\",\n        \"ec2:DeleteSecurityGroup\",\n        \"ec2:DeleteKeyPair\",\n        \"ec2:CreateVolume\",\n        \"ec2:CreateTags\",\n        \"ec2:CreateSnapshot\",\n        \"ec2:CreateSecurityGroup\",\n        \"ec2:CreateKeypair\",\n        \"ec2:CreateImage\",\n        \"ec2:CopyImage\",\n        \"ec2:AuthorizeSecurityGroupIngress\",\n        \"ec2:AttachVolume\"\n      ],\n      \"Resource\": \"*\"\n    }\n  ]\n}",
            "override_json": null,
            "policy_id": null,
            "source_json": null,
            "statement": [
              {
                "actions": [
                  "ec2:AttachVolume",
                  "ec2:AuthorizeSecurityGroupIngress",
                  "ec2:CopyImage",
                  "ec2:CreateImage",
                  "ec2:CreateKeypair",
                  "ec2:CreateSecurityGroup",
                  "ec2:CreateSnapshot",
                  "ec2:CreateTags",
                  "ec2:CreateVolume",
                  "ec2:DeleteKeyPair",
                  "ec2:DeleteSecurityGroup",
                  "ec2:DeleteSnapshot",
                  "ec2:DeleteVolume",
                  "ec2:DeregisterImage",
                  "ec2:DescribeImageAttribute",
                  "ec2:DescribeImages",
                  "ec2:DescribeInstanceStatus",
                  "ec2:DescribeInstances",
                  "ec2:DescribeRegions",
                  "ec2:DescribeSecurityGroups",
                  "ec2:DescribeSnapshots",
                  "ec2:DescribeSubnets",
                  "ec2:DescribeTags",
                  "ec2:DescribeVolumes",
                  "ec2:DetachVolume",
                  "ec2:GetPasswordData",
                  "ec2:ModifyImageAttribute",
                  "ec2:ModifyInstanceAttribute",
                  "ec2:ModifySnapshotAttribute",
                  "ec2:RegisterImage",
                  "ec2:RunInstances",
                  "ec2:StopInstances",
                  "ec2:TerminateInstances"
                ],
                "condition": [],
                "effect": "Allow",
                "not_actions": [],
                "not_principals": [],
                "not_resources": [],
                "principals": [],
                "resources": [
                  "*"
                ],
                "sid": ""
              }
            ],
            "version": "2012-10-17"
          }
        }
      ]
    },
    {
      "mode": "managed",
      "type": "aws_autoscaling_group",
      "name": "testPracticalTask",
      "provider": "provider.aws",
      "instances": [
        {
          "schema_version": 0,
          "attributes": {
            "arn": "arn:aws:autoscaling:eu-west-1:885483167133:autoScalingGroup:aed91972-8afe-4125-a32e-012930850323:autoScalingGroupName/testPracticalTask",
            "availability_zones": [
              "eu-west-1a"
            ],
            "default_cooldown": 300,
            "desired_capacity": 1,
            "enabled_metrics": [],
            "force_delete": true,
            "health_check_grace_period": 3000000,
            "health_check_type": "ELB",
            "id": "testPracticalTask",
            "initial_lifecycle_hook": [],
            "launch_configuration": "testPracticalTask-instance-20200224114917831600000002",
            "launch_template": [],
            "load_balancers": [],
            "max_instance_lifetime": 0,
            "max_size": 1,
            "metrics_granularity": "1Minute",
            "min_elb_capacity": null,
            "min_size": 1,
            "mixed_instances_policy": [],
            "name": "testPracticalTask",
            "name_prefix": null,
            "placement_group": "",
            "protect_from_scale_in": false,
            "service_linked_role_arn": "arn:aws:iam::885483167133:role/aws-service-role/autoscaling.amazonaws.com/AWSServiceRoleForAutoScaling",
            "suspended_processes": [],
            "tag": [
              {
                "key": "Name",
                "propagate_at_launch": true,
                "value": "ASG testPracticalTask"
              }
            ],
            "tags": null,
            "target_group_arns": [
              "arn:aws:elasticloadbalancing:eu-west-1:885483167133:targetgroup/testPracticalTask-tg/627f95a8bef258a0"
            ],
            "termination_policies": [],
            "timeouts": {
              "delete": "15m"
            },
            "vpc_zone_identifier": [
              "subnet-042f6899d6d5a3e3e"
            ],
            "wait_for_capacity_timeout": "10m",
            "wait_for_elb_capacity": null
          },
          "private": "eyJlMmJmYjczMC1lY2FhLTExZTYtOGY4OC0zNDM2M2JjN2M0YzAiOnsiZGVsZXRlIjo5MDAwMDAwMDAwMDB9fQ==",
          "dependencies": [
            "aws_iam_instance_profile.testPracticalTask",
            "aws_key_pair.jenkins_key",
            "aws_launch_configuration.testPracticalTask",
            "aws_lb_target_group.testPracticalTask",
            "aws_subnet.az_private"
          ]
        }
      ]
    },
    {
      "mode": "managed",
      "type": "aws_eip",
      "name": "nat",
      "provider": "provider.aws",
      "instances": [
        {
          "schema_version": 0,
          "attributes": {
            "allocation_id": null,
            "associate_with_private_ip": null,
            "association_id": "eipassoc-02d3e6b7254216ca7",
            "domain": "vpc",
            "id": "eipalloc-02c4df1d9d03bb2b3",
            "instance": "",
            "network_interface": "eni-088fe825a54f08708",
            "private_dns": "ip-172-16-50-197.eu-west-1.compute.internal",
            "private_ip": "172.16.50.197",
            "public_dns": "ec2-52-214-30-151.eu-west-1.compute.amazonaws.com",
            "public_ip": "52.214.30.151",
            "public_ipv4_pool": "amazon",
            "tags": {},
            "timeouts": null,
            "vpc": true
          },
          "private": "eyJlMmJmYjczMC1lY2FhLTExZTYtOGY4OC0zNDM2M2JjN2M0YzAiOnsiZGVsZXRlIjoxODAwMDAwMDAwMDAsInJlYWQiOjkwMDAwMDAwMDAwMCwidXBkYXRlIjozMDAwMDAwMDAwMDB9fQ=="
        }
      ]
    },
    {
      "mode": "managed",
      "type": "aws_iam_instance_profile",
      "name": "testPracticalTask",
      "provider": "provider.aws",
      "instances": [
        {
          "schema_version": 0,
          "attributes": {
            "arn": "arn:aws:iam::885483167133:instance-profile/testPracticalTask",
            "create_date": "2020-02-24T10:31:37Z",
            "id": "testPracticalTask",
            "name": "testPracticalTask",
            "name_prefix": null,
            "path": "/",
            "role": "testPracticalTask",
            "roles": [
              "testPracticalTask"
            ],
            "unique_id": "AIPA44KXI3WO4CIYRRCEZ"
          },
          "private": "bnVsbA==",
          "dependencies": [
            "aws_iam_role.testPracticalTask"
          ]
        }
      ]
    },
    {
      "mode": "managed",
      "type": "aws_iam_instance_profile",
      "name": "testPracticalTask_jenkins",
      "provider": "provider.aws",
      "instances": [
        {
          "schema_version": 0,
          "attributes": {
            "arn": "arn:aws:iam::885483167133:instance-profile/testPracticalTask-jenkins",
            "create_date": "2020-02-24T10:31:37Z",
            "id": "testPracticalTask-jenkins",
            "name": "testPracticalTask-jenkins",
            "name_prefix": null,
            "path": "/",
            "role": "testPracticalTask-jenkins",
            "roles": [
              "testPracticalTask-jenkins"
            ],
            "unique_id": "AIPA44KXI3WOZSSYNC7JY"
          },
          "private": "bnVsbA==",
          "dependencies": [
            "aws_iam_role.testPracticalTask_jenkins"
          ]
        }
      ]
    },
    {
      "mode": "managed",
      "type": "aws_iam_policy",
      "name": "testPracticalTask",
      "provider": "provider.aws",
      "instances": [
        {
          "schema_version": 0,
          "attributes": {
            "arn": "arn:aws:iam::885483167133:policy/testPracticalTask-policy",
            "description": "An ASG policy",
            "id": "arn:aws:iam::885483167133:policy/testPracticalTask-policy",
            "name": "testPracticalTask-policy",
            "name_prefix": null,
            "path": "/",
            "policy": "{\n  \"Version\": \"2012-10-17\",\n  \"Statement\": [\n    {\n      \"Sid\": \"\",\n      \"Effect\": \"Allow\",\n      \"Action\": [\n        \"ssm:List*\",\n        \"ssm:Get*\",\n        \"ssm:Describe*\"\n      ],\n      \"Resource\": \"*\"\n    },\n    {\n      \"Sid\": \"\",\n      \"Effect\": \"Allow\",\n      \"Action\": [\n        \"sns:*\",\n        \"ses:*\"\n      ],\n      \"Resource\": \"*\"\n    }\n  ]\n}"
          },
          "private": "bnVsbA=="
        }
      ]
    },
    {
      "mode": "managed",
      "type": "aws_iam_policy",
      "name": "testPracticalTask_jenkins",
      "provider": "provider.aws",
      "instances": [
        {
          "schema_version": 0,
          "attributes": {
            "arn": "arn:aws:iam::885483167133:policy/testPracticalTask-jenkins-policy",
            "description": "A jenkins policy",
            "id": "arn:aws:iam::885483167133:policy/testPracticalTask-jenkins-policy",
            "name": "testPracticalTask-jenkins-policy",
            "name_prefix": null,
            "path": "/",
            "policy": "{\n  \"Version\": \"2012-10-17\",\n  \"Statement\": [\n    {\n      \"Sid\": \"\",\n      \"Effect\": \"Allow\",\n      \"Action\": [\n        \"ec2:TerminateInstances\",\n        \"ec2:StopInstances\",\n        \"ec2:RunInstances\",\n        \"ec2:RegisterImage\",\n        \"ec2:ModifySnapshotAttribute\",\n        \"ec2:ModifyInstanceAttribute\",\n        \"ec2:ModifyImageAttribute\",\n        \"ec2:GetPasswordData\",\n        \"ec2:DetachVolume\",\n        \"ec2:DescribeVolumes\",\n        \"ec2:DescribeTags\",\n        \"ec2:DescribeSubnets\",\n        \"ec2:DescribeSnapshots\",\n        \"ec2:DescribeSecurityGroups\",\n        \"ec2:DescribeRegions\",\n        \"ec2:DescribeInstances\",\n        \"ec2:DescribeInstanceStatus\",\n        \"ec2:DescribeImages\",\n        \"ec2:DescribeImageAttribute\",\n        \"ec2:DeregisterImage\",\n        \"ec2:DeleteVolume\",\n        \"ec2:DeleteSnapshot\",\n        \"ec2:DeleteSecurityGroup\",\n        \"ec2:DeleteKeyPair\",\n        \"ec2:CreateVolume\",\n        \"ec2:CreateTags\",\n        \"ec2:CreateSnapshot\",\n        \"ec2:CreateSecurityGroup\",\n        \"ec2:CreateKeypair\",\n        \"ec2:CreateImage\",\n        \"ec2:CopyImage\",\n        \"ec2:AuthorizeSecurityGroupIngress\",\n        \"ec2:AttachVolume\"\n      ],\n      \"Resource\": \"*\"\n    }\n  ]\n}"
          },
          "private": "bnVsbA=="
        }
      ]
    },
    {
      "mode": "managed",
      "type": "aws_iam_policy_attachment",
      "name": "testPracticalTask",
      "provider": "provider.aws",
      "instances": [
        {
          "schema_version": 0,
          "attributes": {
            "groups": [],
            "id": "testPracticalTask-attachment",
            "name": "testPracticalTask-attachment",
            "policy_arn": "arn:aws:iam::885483167133:policy/testPracticalTask-policy",
            "roles": [
              "testPracticalTask"
            ],
            "users": []
          },
          "private": "bnVsbA==",
          "dependencies": [
            "aws_iam_policy.testPracticalTask",
            "aws_iam_role.testPracticalTask"
          ]
        }
      ]
    },
    {
      "mode": "managed",
      "type": "aws_iam_policy_attachment",
      "name": "testPracticalTask_jenkins",
      "provider": "provider.aws",
      "instances": [
        {
          "schema_version": 0,
          "attributes": {
            "groups": [],
            "id": "testPracticalTask-jenkins-attachment",
            "name": "testPracticalTask-jenkins-attachment",
            "policy_arn": "arn:aws:iam::885483167133:policy/testPracticalTask-jenkins-policy",
            "roles": [
              "testPracticalTask-jenkins"
            ],
            "users": []
          },
          "private": "bnVsbA==",
          "dependencies": [
            "aws_iam_policy.testPracticalTask_jenkins",
            "aws_iam_role.testPracticalTask_jenkins"
          ]
        }
      ]
    },
    {
      "mode": "managed",
      "type": "aws_iam_role",
      "name": "testPracticalTask",
      "provider": "provider.aws",
      "instances": [
        {
          "schema_version": 0,
          "attributes": {
            "arn": "arn:aws:iam::885483167133:role/testPracticalTask",
            "assume_role_policy": "{\"Version\":\"2012-10-17\",\"Statement\":[{\"Sid\":\"\",\"Effect\":\"Allow\",\"Principal\":{\"Service\":\"ec2.amazonaws.com\"},\"Action\":\"sts:AssumeRole\"}]}",
            "create_date": "2020-02-24T10:31:36Z",
            "description": "",
            "force_detach_policies": false,
            "id": "testPracticalTask",
            "max_session_duration": 3600,
            "name": "testPracticalTask",
            "name_prefix": null,
            "path": "/",
            "permissions_boundary": null,
            "tags": {},
            "unique_id": "AROA44KXI3WO2CKKM2G5O"
          },
          "private": "bnVsbA=="
        }
      ]
    },
    {
      "mode": "managed",
      "type": "aws_iam_role",
      "name": "testPracticalTask_jenkins",
      "provider": "provider.aws",
      "instances": [
        {
          "schema_version": 0,
          "attributes": {
            "arn": "arn:aws:iam::885483167133:role/testPracticalTask-jenkins",
            "assume_role_policy": "{\"Version\":\"2012-10-17\",\"Statement\":[{\"Sid\":\"\",\"Effect\":\"Allow\",\"Principal\":{\"Service\":\"ec2.amazonaws.com\"},\"Action\":\"sts:AssumeRole\"}]}",
            "create_date": "2020-02-24T10:31:36Z",
            "description": "",
            "force_detach_policies": false,
            "id": "testPracticalTask-jenkins",
            "max_session_duration": 3600,
            "name": "testPracticalTask-jenkins",
            "name_prefix": null,
            "path": "/",
            "permissions_boundary": null,
            "tags": {},
            "unique_id": "AROA44KXI3WO63OLSKBNF"
          },
          "private": "bnVsbA=="
        }
      ]
    },
    {
      "mode": "managed",
      "type": "aws_instance",
      "name": "jenkins",
      "provider": "provider.aws",
      "instances": [
        {
          "schema_version": 1,
          "attributes": {
            "ami": "ami-07042e91d04b1c30d",
            "arn": "arn:aws:ec2:eu-west-1:885483167133:instance/i-0731d9e748cba59b4",
            "associate_public_ip_address": true,
            "availability_zone": "eu-west-1a",
            "cpu_core_count": 1,
            "cpu_threads_per_core": 1,
            "credit_specification": [
              {
                "cpu_credits": "standard"
              }
            ],
            "disable_api_termination": false,
            "ebs_block_device": [],
            "ebs_optimized": false,
            "ephemeral_block_device": [],
            "get_password_data": false,
            "hibernation": false,
            "host_id": null,
            "iam_instance_profile": "testPracticalTask-jenkins",
            "id": "i-0731d9e748cba59b4",
            "instance_initiated_shutdown_behavior": null,
            "instance_state": "running",
            "instance_type": "t2.micro",
            "ipv6_address_count": 0,
            "ipv6_addresses": [],
            "key_name": "jenkins-key",
            "monitoring": false,
            "network_interface": [],
            "network_interface_id": null,
            "password_data": "",
            "placement_group": "",
            "primary_network_interface_id": "eni-0b2231395053f1dd2",
            "private_dns": "ip-172-16-63-177.eu-west-1.compute.internal",
            "private_ip": "172.16.63.177",
            "public_dns": "",
            "public_ip": "54.246.197.232",
            "root_block_device": [
              {
                "delete_on_termination": true,
                "encrypted": false,
                "iops": 100,
                "kms_key_id": "",
                "volume_id": "vol-0effd440b4ccb8edf",
                "volume_size": 8,
                "volume_type": "gp2"
              }
            ],
            "security_groups": [],
            "source_dest_check": true,
            "subnet_id": "subnet-0e26779e11cebf6d5",
            "tags": {
              "Name": "Jenkins"
            },
            "tenancy": "default",
            "timeouts": null,
            "user_data": "ab00ebffda88450e200e4824f416b189830b3d1a",
            "user_data_base64": null,
            "volume_tags": {},
            "vpc_security_group_ids": [
              "sg-03e2bb92a28f38e5d"
            ]
          },
          "private": "eyJlMmJmYjczMC1lY2FhLTExZTYtOGY4OC0zNDM2M2JjN2M0YzAiOnsiY3JlYXRlIjo2MDAwMDAwMDAwMDAsImRlbGV0ZSI6MTIwMDAwMDAwMDAwMCwidXBkYXRlIjo2MDAwMDAwMDAwMDB9LCJzY2hlbWFfdmVyc2lvbiI6IjEifQ==",
          "dependencies": [
            "aws_iam_instance_profile.testPracticalTask_jenkins",
            "aws_internet_gateway.public",
            "aws_key_pair.jenkins_key",
            "aws_route_table_association.public",
            "aws_security_group.testPracticalTask_jenkins_sg",
            "aws_subnet.az_public"
          ]
        }
      ]
    },
    {
      "mode": "managed",
      "type": "aws_internet_gateway",
      "name": "public",
      "provider": "provider.aws",
      "instances": [
        {
          "schema_version": 0,
          "attributes": {
            "id": "igw-06fc7f76491694295",
            "owner_id": "885483167133",
            "tags": {
              "Name": "public"
            },
            "vpc_id": "vpc-0ca2a82e9ab2e3d1b"
          },
          "private": "bnVsbA==",
          "dependencies": [
            "aws_vpc.main"
          ]
        }
      ]
    },
    {
      "mode": "managed",
      "type": "aws_key_pair",
      "name": "jenkins_key",
      "provider": "provider.aws",
      "instances": [
        {
          "schema_version": 1,
          "attributes": {
            "fingerprint": "76:93:2c:82:79:43:98:4a:51:29:77:95:ae:39:b0:d1",
            "id": "jenkins-key",
            "key_name": "jenkins-key",
            "key_name_prefix": null,
            "key_pair_id": "key-02cdac9ad6cf210f6",
            "public_key": "ssh-rsa AAAAB3NzaC1yc2EAAAADAQABAAABgQC/LN5daUw6oYkVlv/SQqLTJ1dC2O35RQMq7UmIHyCSU25RzAQiqYGPzYrnXJaYYMQn/kvawrwmAtnegKBp2+Tn1wWMx6jUlV6BMBCMWPKOrKZkaXIySnT/55y4/pu9jsfJYQ8KLiapit6eMyR0FX7X1PC04fF4QC4w2wr+F6XTW5+R+KMnyuVGV49RztPrBO3gGzr3bMF4cECnAtf0OQBHi94lfUkczAOmX0uNQOr4ynA5gZkCVivmpXE25+lt8Nff67AUXd6yhhJq2N4Zq0wBq0iIlkRMAhuBMG31D3lwuczUGrH+/3s8geQMVvnt5IQQfLhVCBLhampM5UTUGbEMyktpH+w+JPi/7c1x27tBEC6IbMOXlsZm3HkiIAt29wWnD8p8rQx2N5KR+KqtfOgJya0F4MRwGPxndH25jD7uJeYoevZCt5FNi1iGq4Yd48dyKM1+aOZaGGiQ9h1FhiSL9Ul6+9fVnJNpGGn2sPYO56Zq4uv72Sjj5rFH9KZBnvE= devops_test_user",
            "tags": {}
          },
          "private": "eyJzY2hlbWFfdmVyc2lvbiI6IjEifQ=="
        }
      ]
    },
    {
      "mode": "managed",
      "type": "aws_launch_configuration",
      "name": "testPracticalTask",
      "provider": "provider.aws",
      "instances": [
        {
          "schema_version": 0,
          "attributes": {
            "arn": "arn:aws:autoscaling:eu-west-1:885483167133:launchConfiguration:9bfa4e5a-575b-4e66-9c35-cee3770963fe:launchConfigurationName/testPracticalTask-instance-20200224114917831600000002",
            "associate_public_ip_address": false,
            "ebs_block_device": [],
            "ebs_optimized": false,
            "enable_monitoring": true,
            "ephemeral_block_device": [],
            "iam_instance_profile": "testPracticalTask",
            "id": "testPracticalTask-instance-20200224114917831600000002",
            "image_id": "ami-07042e91d04b1c30d",
            "instance_type": "t2.micro",
            "key_name": "jenkins-key",
            "name": "testPracticalTask-instance-20200224114917831600000002",
            "name_prefix": "testPracticalTask-instance-",
            "placement_tenancy": null,
            "root_block_device": [],
            "security_groups": [],
            "spot_price": "",
            "user_data": null,
            "user_data_base64": null,
            "vpc_classic_link_id": "",
            "vpc_classic_link_security_groups": []
          },
          "private": "bnVsbA==",
          "dependencies": [
            "aws_iam_instance_profile.testPracticalTask",
            "aws_key_pair.jenkins_key"
          ]
        }
      ]
    },
    {
      "mode": "managed",
      "type": "aws_launch_template",
      "name": "testPracticalTask",
      "provider": "provider.aws",
      "instances": [
        {
          "schema_version": 0,
          "attributes": {
            "arn": "arn:aws:ec2:eu-west-1:885483167133:launch-template/lt-0388cba10a0f46849",
            "block_device_mappings": [],
            "capacity_reservation_specification": [],
            "cpu_options": [],
            "credit_specification": [],
            "default_version": 1,
            "description": "",
            "disable_api_termination": false,
            "ebs_optimized": "",
            "elastic_gpu_specifications": [],
            "elastic_inference_accelerator": [],
            "iam_instance_profile": [],
            "id": "lt-0388cba10a0f46849",
            "image_id": "ami-07042e91d04b1c30d",
            "instance_initiated_shutdown_behavior": "",
            "instance_market_options": [],
            "instance_type": "t2.micro",
            "kernel_id": "",
            "key_name": "",
            "latest_version": 2,
            "license_specification": [],
            "monitoring": [],
            "name": "testPracticalTask20200224103135731700000001",
            "name_prefix": "testPracticalTask",
            "network_interfaces": [],
            "placement": [],
            "ram_disk_id": "",
            "security_group_names": [],
            "tag_specifications": [],
            "tags": {},
            "user_data": "",
            "vpc_security_group_ids": []
          },
          "private": "bnVsbA=="
        }
      ]
    },
    {
      "mode": "managed",
      "type": "aws_lb",
      "name": "testPracticalTask",
      "provider": "provider.aws",
      "instances": [
        {
          "schema_version": 0,
          "attributes": {
            "access_logs": [
              {
                "bucket": "",
                "enabled": false,
                "prefix": ""
              }
            ],
            "arn": "arn:aws:elasticloadbalancing:eu-west-1:885483167133:loadbalancer/app/testPracticalTask/4802eb0d0042f639",
            "arn_suffix": "app/testPracticalTask/4802eb0d0042f639",
            "dns_name": "testPracticalTask-1106408566.eu-west-1.elb.amazonaws.com",
            "enable_cross_zone_load_balancing": null,
            "enable_deletion_protection": false,
            "enable_http2": true,
            "id": "arn:aws:elasticloadbalancing:eu-west-1:885483167133:loadbalancer/app/testPracticalTask/4802eb0d0042f639",
            "idle_timeout": 60,
            "internal": false,
            "ip_address_type": "ipv4",
            "load_balancer_type": "application",
            "name": "testPracticalTask",
            "name_prefix": null,
            "security_groups": [
              "sg-024bf4469ae222250"
            ],
            "subnet_mapping": [
              {
                "allocation_id": "",
                "subnet_id": "subnet-0acd5f8b9ed72722d"
              },
              {
                "allocation_id": "",
                "subnet_id": "subnet-0e26779e11cebf6d5"
              }
            ],
            "subnets": [
              "subnet-0acd5f8b9ed72722d",
              "subnet-0e26779e11cebf6d5"
            ],
            "tags": {
              "Environment": "production"
            },
            "timeouts": null,
            "vpc_id": "vpc-0ca2a82e9ab2e3d1b",
            "zone_id": "Z32O12XQLNTSW2"
          },
          "private": "eyJlMmJmYjczMC1lY2FhLTExZTYtOGY4OC0zNDM2M2JjN2M0YzAiOnsiY3JlYXRlIjo2MDAwMDAwMDAwMDAsImRlbGV0ZSI6NjAwMDAwMDAwMDAwLCJ1cGRhdGUiOjYwMDAwMDAwMDAwMH19",
          "dependencies": [
            "aws_security_group.allow_http",
            "aws_subnet.az_public",
            "aws_subnet.az_public_2",
            "aws_vpc.main"
          ]
        }
      ]
    },
    {
      "mode": "managed",
      "type": "aws_lb_listener",
      "name": "front_end",
      "provider": "provider.aws",
      "instances": [
        {
          "schema_version": 0,
          "attributes": {
            "arn": "arn:aws:elasticloadbalancing:eu-west-1:885483167133:listener/app/testPracticalTask/4802eb0d0042f639/2b740c1ac2ad9137",
            "certificate_arn": null,
            "default_action": [
              {
                "authenticate_cognito": [],
                "authenticate_oidc": [],
                "fixed_response": [],
                "order": 1,
                "redirect": [],
                "target_group_arn": "arn:aws:elasticloadbalancing:eu-west-1:885483167133:targetgroup/testPracticalTask-tg/627f95a8bef258a0",
                "type": "forward"
              }
            ],
            "id": "arn:aws:elasticloadbalancing:eu-west-1:885483167133:listener/app/testPracticalTask/4802eb0d0042f639/2b740c1ac2ad9137",
            "load_balancer_arn": "arn:aws:elasticloadbalancing:eu-west-1:885483167133:loadbalancer/app/testPracticalTask/4802eb0d0042f639",
            "port": 80,
            "protocol": "HTTP",
            "ssl_policy": "",
            "timeouts": null
          },
          "private": "eyJlMmJmYjczMC1lY2FhLTExZTYtOGY4OC0zNDM2M2JjN2M0YzAiOnsicmVhZCI6NjAwMDAwMDAwMDAwfX0=",
          "dependencies": [
            "aws_lb.testPracticalTask",
            "aws_lb_target_group.testPracticalTask",
            "aws_subnet.az_public",
            "aws_subnet.az_public_2",
            "aws_vpc.main"
          ]
        }
      ]
    },
    {
      "mode": "managed",
      "type": "aws_lb_target_group",
      "name": "testPracticalTask",
      "provider": "provider.aws",
      "instances": [
        {
          "schema_version": 0,
          "attributes": {
            "arn": "arn:aws:elasticloadbalancing:eu-west-1:885483167133:targetgroup/testPracticalTask-tg/627f95a8bef258a0",
            "arn_suffix": "targetgroup/testPracticalTask-tg/627f95a8bef258a0",
            "deregistration_delay": 300,
            "health_check": [
              {
                "enabled": true,
                "healthy_threshold": 5,
                "interval": 30,
                "matcher": "200",
                "path": "/",
                "port": "traffic-port",
                "protocol": "HTTP",
                "timeout": 5,
                "unhealthy_threshold": 2
              }
            ],
            "id": "arn:aws:elasticloadbalancing:eu-west-1:885483167133:targetgroup/testPracticalTask-tg/627f95a8bef258a0",
            "lambda_multi_value_headers_enabled": false,
            "name": "testPracticalTask-tg",
            "name_prefix": null,
            "port": 8080,
            "protocol": "HTTP",
            "proxy_protocol_v2": false,
            "slow_start": 0,
            "stickiness": [
              {
                "cookie_duration": 86400,
                "enabled": false,
                "type": "lb_cookie"
              }
            ],
            "tags": {},
            "target_type": "instance",
            "vpc_id": "vpc-0ca2a82e9ab2e3d1b"
          },
          "private": "bnVsbA==",
          "dependencies": [
            "aws_vpc.main"
          ]
        }
      ]
    },
    {
      "mode": "managed",
      "type": "aws_nat_gateway",
      "name": "nat",
      "provider": "provider.aws",
      "instances": [
        {
          "schema_version": 0,
          "attributes": {
            "allocation_id": "eipalloc-02c4df1d9d03bb2b3",
            "id": "nat-08c2a98ff0c64e7f9",
            "network_interface_id": "eni-088fe825a54f08708",
            "private_ip": "172.16.50.197",
            "public_ip": "52.214.30.151",
            "subnet_id": "subnet-0e26779e11cebf6d5",
            "tags": {
              "Name": "gw NAT"
            }
          },
          "private": "bnVsbA==",
          "dependencies": [
            "aws_eip.nat",
            "aws_subnet.az_public"
          ]
        }
      ]
    },
    {
      "mode": "managed",
      "type": "aws_route_table",
      "name": "private",
      "provider": "provider.aws",
      "instances": [
        {
          "schema_version": 0,
          "attributes": {
            "id": "rtb-0bac7565ab673ea81",
            "owner_id": "885483167133",
            "propagating_vgws": [],
            "route": [
              {
                "cidr_block": "0.0.0.0/0",
                "egress_only_gateway_id": "",
                "gateway_id": "nat-08c2a98ff0c64e7f9",
                "instance_id": "",
                "ipv6_cidr_block": "",
                "nat_gateway_id": "",
                "network_interface_id": "",
                "transit_gateway_id": "",
                "vpc_peering_connection_id": ""
              }
            ],
            "tags": {
              "Name": "private_1"
            },
            "vpc_id": "vpc-0ca2a82e9ab2e3d1b"
          },
          "private": "bnVsbA==",
          "dependencies": [
            "aws_nat_gateway.nat",
            "aws_vpc.main"
          ]
        }
      ]
    },
    {
      "mode": "managed",
      "type": "aws_route_table",
      "name": "public",
      "provider": "provider.aws",
      "instances": [
        {
          "schema_version": 0,
          "attributes": {
            "id": "rtb-038a0d87477ea68e6",
            "owner_id": "885483167133",
            "propagating_vgws": [],
            "route": [
              {
                "cidr_block": "0.0.0.0/0",
                "egress_only_gateway_id": "",
                "gateway_id": "igw-06fc7f76491694295",
                "instance_id": "",
                "ipv6_cidr_block": "",
                "nat_gateway_id": "",
                "network_interface_id": "",
                "transit_gateway_id": "",
                "vpc_peering_connection_id": ""
              }
            ],
            "tags": {
              "Name": "public_1"
            },
            "vpc_id": "vpc-0ca2a82e9ab2e3d1b"
          },
          "private": "bnVsbA==",
          "dependencies": [
            "aws_internet_gateway.public",
            "aws_vpc.main"
          ]
        }
      ]
    },
    {
      "mode": "managed",
      "type": "aws_route_table",
      "name": "public_2",
      "provider": "provider.aws",
      "instances": [
        {
          "schema_version": 0,
          "attributes": {
            "id": "rtb-05e47e1360c670246",
            "owner_id": "885483167133",
            "propagating_vgws": [],
            "route": [
              {
                "cidr_block": "0.0.0.0/0",
                "egress_only_gateway_id": "",
                "gateway_id": "igw-06fc7f76491694295",
                "instance_id": "",
                "ipv6_cidr_block": "",
                "nat_gateway_id": "",
                "network_interface_id": "",
                "transit_gateway_id": "",
                "vpc_peering_connection_id": ""
              }
            ],
            "tags": {
              "Name": "public_2"
            },
            "vpc_id": "vpc-0ca2a82e9ab2e3d1b"
          },
          "private": "bnVsbA==",
          "dependencies": [
            "aws_internet_gateway.public",
            "aws_vpc.main"
          ]
        }
      ]
    },
    {
      "mode": "managed",
      "type": "aws_route_table_association",
      "name": "private",
      "provider": "provider.aws",
      "instances": [
        {
          "schema_version": 0,
          "attributes": {
            "gateway_id": null,
            "id": "rtbassoc-0b693b91f6ca201b0",
            "route_table_id": "rtb-0bac7565ab673ea81",
            "subnet_id": "subnet-042f6899d6d5a3e3e"
          },
          "private": "bnVsbA==",
          "dependencies": [
            "aws_eip.nat",
            "aws_nat_gateway.nat",
            "aws_route_table.private",
            "aws_subnet.az_private",
            "aws_subnet.az_public",
            "aws_vpc.main"
          ]
        }
      ]
    },
    {
      "mode": "managed",
      "type": "aws_route_table_association",
      "name": "private_2",
      "provider": "provider.aws",
      "instances": [
        {
          "schema_version": 0,
          "attributes": {
            "gateway_id": null,
            "id": "rtbassoc-0ab30e34b7f920175",
            "route_table_id": "rtb-0bac7565ab673ea81",
            "subnet_id": "subnet-00ce1f8b83278adfc"
          },
          "private": "bnVsbA==",
          "dependencies": [
            "aws_eip.nat",
            "aws_nat_gateway.nat",
            "aws_route_table.private",
            "aws_subnet.az_private_2",
            "aws_subnet.az_public",
            "aws_vpc.main"
          ]
        }
      ]
    },
    {
      "mode": "managed",
      "type": "aws_route_table_association",
      "name": "public",
      "provider": "provider.aws",
      "instances": [
        {
          "schema_version": 0,
          "attributes": {
            "gateway_id": null,
            "id": "rtbassoc-0fa2e5458d7621bb1",
            "route_table_id": "rtb-038a0d87477ea68e6",
            "subnet_id": "subnet-0e26779e11cebf6d5"
          },
          "private": "bnVsbA==",
          "dependencies": [
            "aws_internet_gateway.public",
            "aws_route_table.public",
            "aws_subnet.az_public",
            "aws_vpc.main"
          ]
        }
      ]
    },
    {
      "mode": "managed",
      "type": "aws_route_table_association",
      "name": "public_2",
      "provider": "provider.aws",
      "instances": [
        {
          "schema_version": 0,
          "attributes": {
            "gateway_id": null,
            "id": "rtbassoc-018d2dcc1aada4e09",
            "route_table_id": "rtb-038a0d87477ea68e6",
            "subnet_id": "subnet-0acd5f8b9ed72722d"
          },
          "private": "bnVsbA==",
          "dependencies": [
            "aws_internet_gateway.public",
            "aws_route_table.public",
            "aws_subnet.az_public_2",
            "aws_vpc.main"
          ]
        }
      ]
    },
    {
      "mode": "managed",
      "type": "aws_security_group",
      "name": "allow_http",
      "provider": "provider.aws",
      "instances": [
        {
          "schema_version": 1,
          "attributes": {
            "arn": "arn:aws:ec2:eu-west-1:885483167133:security-group/sg-024bf4469ae222250",
            "description": "Managed by Terraform",
            "egress": [
              {
                "cidr_blocks": [
                  "0.0.0.0/0"
                ],
                "description": "",
                "from_port": 0,
                "ipv6_cidr_blocks": [],
                "prefix_list_ids": [],
                "protocol": "-1",
                "security_groups": [],
                "self": false,
                "to_port": 0
              }
            ],
            "id": "sg-024bf4469ae222250",
            "ingress": [
              {
                "cidr_blocks": [
                  "95.106.214.219/32"
                ],
                "description": "",
                "from_port": 80,
                "ipv6_cidr_blocks": [],
                "prefix_list_ids": [],
                "protocol": "tcp",
                "security_groups": [],
                "self": false,
                "to_port": 80
              }
            ],
            "name": "allow_access to http",
            "name_prefix": null,
            "owner_id": "885483167133",
            "revoke_rules_on_delete": false,
            "tags": null,
            "timeouts": null,
            "vpc_id": "vpc-0ca2a82e9ab2e3d1b"
          },
          "private": "eyJlMmJmYjczMC1lY2FhLTExZTYtOGY4OC0zNDM2M2JjN2M0YzAiOnsiY3JlYXRlIjo2MDAwMDAwMDAwMDAsImRlbGV0ZSI6NjAwMDAwMDAwMDAwfSwic2NoZW1hX3ZlcnNpb24iOiIxIn0=",
          "dependencies": [
            "aws_vpc.main"
          ]
        }
      ]
    },
    {
      "mode": "managed",
      "type": "aws_security_group",
      "name": "testPracticalTask_jenkins_sg",
      "provider": "provider.aws",
      "instances": [
        {
          "schema_version": 1,
          "attributes": {
            "arn": "arn:aws:ec2:eu-west-1:885483167133:security-group/sg-03e2bb92a28f38e5d",
            "description": "Allow Http inbound traffic",
            "egress": [
              {
                "cidr_blocks": [
                  "0.0.0.0/0"
                ],
                "description": "",
                "from_port": 0,
                "ipv6_cidr_blocks": [],
                "prefix_list_ids": [],
                "protocol": "-1",
                "security_groups": [],
                "self": false,
                "to_port": 0
              }
            ],
            "id": "sg-03e2bb92a28f38e5d",
            "ingress": [
              {
                "cidr_blocks": [
                  "172.16.48.0/20"
                ],
                "description": "",
                "from_port": 0,
                "ipv6_cidr_blocks": [],
                "prefix_list_ids": [],
                "protocol": "-1",
                "security_groups": [],
                "self": false,
                "to_port": 0
              },
              {
                "cidr_blocks": [
                  "95.106.214.219/32"
                ],
                "description": "",
                "from_port": 22,
                "ipv6_cidr_blocks": [],
                "prefix_list_ids": [],
                "protocol": "tcp",
                "security_groups": [],
                "self": false,
                "to_port": 22
              },
              {
                "cidr_blocks": [
                  "95.106.214.219/32"
                ],
                "description": "",
                "from_port": 8080,
                "ipv6_cidr_blocks": [],
                "prefix_list_ids": [],
                "protocol": "tcp",
                "security_groups": [],
                "self": false,
                "to_port": 8080
              }
            ],
            "name": "testPracticalTask-jenkins-sg",
            "name_prefix": null,
            "owner_id": "885483167133",
            "revoke_rules_on_delete": false,
            "tags": {},
            "timeouts": null,
            "vpc_id": "vpc-0ca2a82e9ab2e3d1b"
          },
          "private": "eyJlMmJmYjczMC1lY2FhLTExZTYtOGY4OC0zNDM2M2JjN2M0YzAiOnsiY3JlYXRlIjo2MDAwMDAwMDAwMDAsImRlbGV0ZSI6NjAwMDAwMDAwMDAwfSwic2NoZW1hX3ZlcnNpb24iOiIxIn0=",
          "dependencies": [
            "aws_subnet.az_public",
            "aws_vpc.main"
          ]
        }
      ]
    },
    {
      "mode": "managed",
      "type": "aws_subnet",
      "name": "az_private",
      "provider": "provider.aws",
      "instances": [
        {
          "schema_version": 1,
          "attributes": {
            "arn": "arn:aws:ec2:eu-west-1:885483167133:subnet/subnet-042f6899d6d5a3e3e",
            "assign_ipv6_address_on_creation": false,
            "availability_zone": "eu-west-1a",
            "availability_zone_id": "euw1-az3",
            "cidr_block": "172.16.16.0/20",
            "id": "subnet-042f6899d6d5a3e3e",
            "ipv6_cidr_block": "",
            "ipv6_cidr_block_association_id": "",
            "map_public_ip_on_launch": false,
            "owner_id": "885483167133",
            "tags": {
              "Name": "private_1"
            },
            "timeouts": null,
            "vpc_id": "vpc-0ca2a82e9ab2e3d1b"
          },
          "private": "eyJlMmJmYjczMC1lY2FhLTExZTYtOGY4OC0zNDM2M2JjN2M0YzAiOnsiY3JlYXRlIjo2MDAwMDAwMDAwMDAsImRlbGV0ZSI6MTIwMDAwMDAwMDAwMH0sInNjaGVtYV92ZXJzaW9uIjoiMSJ9",
          "dependencies": [
            "aws_vpc.main"
          ]
        }
      ]
    },
    {
      "mode": "managed",
      "type": "aws_subnet",
      "name": "az_private_2",
      "provider": "provider.aws",
      "instances": [
        {
          "schema_version": 1,
          "attributes": {
            "arn": "arn:aws:ec2:eu-west-1:885483167133:subnet/subnet-00ce1f8b83278adfc",
            "assign_ipv6_address_on_creation": false,
            "availability_zone": "eu-west-1b",
            "availability_zone_id": "euw1-az1",
            "cidr_block": "172.16.32.0/20",
            "id": "subnet-00ce1f8b83278adfc",
            "ipv6_cidr_block": "",
            "ipv6_cidr_block_association_id": "",
            "map_public_ip_on_launch": false,
            "owner_id": "885483167133",
            "tags": {
              "Name": "private_2"
            },
            "timeouts": null,
            "vpc_id": "vpc-0ca2a82e9ab2e3d1b"
          },
          "private": "eyJlMmJmYjczMC1lY2FhLTExZTYtOGY4OC0zNDM2M2JjN2M0YzAiOnsiY3JlYXRlIjo2MDAwMDAwMDAwMDAsImRlbGV0ZSI6MTIwMDAwMDAwMDAwMH0sInNjaGVtYV92ZXJzaW9uIjoiMSJ9",
          "dependencies": [
            "aws_vpc.main"
          ]
        }
      ]
    },
    {
      "mode": "managed",
      "type": "aws_subnet",
      "name": "az_public",
      "provider": "provider.aws",
      "instances": [
        {
          "schema_version": 1,
          "attributes": {
            "arn": "arn:aws:ec2:eu-west-1:885483167133:subnet/subnet-0e26779e11cebf6d5",
            "assign_ipv6_address_on_creation": false,
            "availability_zone": "eu-west-1a",
            "availability_zone_id": "euw1-az3",
            "cidr_block": "172.16.48.0/20",
            "id": "subnet-0e26779e11cebf6d5",
            "ipv6_cidr_block": "",
            "ipv6_cidr_block_association_id": "",
            "map_public_ip_on_launch": false,
            "owner_id": "885483167133",
            "tags": {
              "Name": "public_1"
            },
            "timeouts": null,
            "vpc_id": "vpc-0ca2a82e9ab2e3d1b"
          },
          "private": "eyJlMmJmYjczMC1lY2FhLTExZTYtOGY4OC0zNDM2M2JjN2M0YzAiOnsiY3JlYXRlIjo2MDAwMDAwMDAwMDAsImRlbGV0ZSI6MTIwMDAwMDAwMDAwMH0sInNjaGVtYV92ZXJzaW9uIjoiMSJ9",
          "dependencies": [
            "aws_vpc.main"
          ]
        }
      ]
    },
    {
      "mode": "managed",
      "type": "aws_subnet",
      "name": "az_public_2",
      "provider": "provider.aws",
      "instances": [
        {
          "schema_version": 1,
          "attributes": {
            "arn": "arn:aws:ec2:eu-west-1:885483167133:subnet/subnet-0acd5f8b9ed72722d",
            "assign_ipv6_address_on_creation": false,
            "availability_zone": "eu-west-1b",
            "availability_zone_id": "euw1-az1",
            "cidr_block": "172.16.64.0/20",
            "id": "subnet-0acd5f8b9ed72722d",
            "ipv6_cidr_block": "",
            "ipv6_cidr_block_association_id": "",
            "map_public_ip_on_launch": false,
            "owner_id": "885483167133",
            "tags": {
              "Name": "public_2"
            },
            "timeouts": null,
            "vpc_id": "vpc-0ca2a82e9ab2e3d1b"
          },
          "private": "eyJlMmJmYjczMC1lY2FhLTExZTYtOGY4OC0zNDM2M2JjN2M0YzAiOnsiY3JlYXRlIjo2MDAwMDAwMDAwMDAsImRlbGV0ZSI6MTIwMDAwMDAwMDAwMH0sInNjaGVtYV92ZXJzaW9uIjoiMSJ9",
          "dependencies": [
            "aws_vpc.main"
          ]
        }
      ]
    },
    {
      "mode": "managed",
      "type": "aws_vpc",
      "name": "main",
      "provider": "provider.aws",
      "instances": [
        {
          "schema_version": 1,
          "attributes": {
            "arn": "arn:aws:ec2:eu-west-1:885483167133:vpc/vpc-0ca2a82e9ab2e3d1b",
            "assign_generated_ipv6_cidr_block": false,
            "cidr_block": "172.16.0.0/16",
            "default_network_acl_id": "acl-0ae769bae1d45776d",
            "default_route_table_id": "rtb-0d274443316552b64",
            "default_security_group_id": "sg-0e3337c7844dbdbab",
            "dhcp_options_id": "dopt-0f62a569",
            "enable_classiclink": false,
            "enable_classiclink_dns_support": false,
            "enable_dns_hostnames": false,
            "enable_dns_support": true,
            "id": "vpc-0ca2a82e9ab2e3d1b",
            "instance_tenancy": "default",
            "ipv6_association_id": "",
            "ipv6_cidr_block": "",
            "main_route_table_id": "rtb-0d274443316552b64",
            "owner_id": "885483167133",
            "tags": {}
          },
          "private": "eyJzY2hlbWFfdmVyc2lvbiI6IjEifQ=="
        }
      ]
    }
  ]
}
